
Microsoft Visual Studio Solution File, Format Version 12.00
# Visual Studio 15
VisualStudioVersion = 15.0.26730.16
MinimumVisualStudioVersion = 10.0.40219.1
Project("{FAE04EC0-301F-11D3-BF4B-00C04F79EFBC}") = "Poker", "Poker\Poker.csproj", "{51A16BBE-17A8-47FD-A7AF-B3F1C9DEC248}"
EndProject
Project("{FAE04EC0-301F-11D3-BF4B-00C04F79EFBC}") = "PokerCrosswords", "PokerCrosswords\PokerCrosswords.csproj", "{C64740B4-DB15-445F-9A54-B37F87F5238A}"
EndProject
Global
	GlobalSection(SolutionConfigurationPlatforms) = preSolution
		Debug|Any CPU = Debug|Any CPU
		Release|Any CPU = Release|Any CPU
	EndGlobalSection
	GlobalSection(ProjectConfigurationPlatforms) = postSolution
		{51A16BBE-17A8-47FD-A7AF-B3F1C9DEC248}.Debug|Any CPU.ActiveCfg = Debug|Any CPU
		{51A16BBE-17A8-47FD-A7AF-B3F1C9DEC248}.Debug|Any CPU.Build.0 = Debug|Any CPU
		{51A16BBE-17A8-47FD-A7AF-B3F1C9DEC248}.Release|Any CPU.ActiveCfg = Release|Any CPU
		{51A16BBE-17A8-47FD-A7AF-B3F1C9DEC248}.Release|Any CPU.Build.0 = Release|Any CPU
		{C64740B4-DB15-445F-9A54-B37F87F5238A}.Debug|Any CPU.ActiveCfg = Debug|Any CPU
		{C64740B4-DB15-445F-9A54-B37F87F5238A}.Debug|Any CPU.Build.0 = Debug|Any CPU
		{C64740B4-DB15-445F-9A54-B37F87F5238A}.Release|Any CPU.ActiveCfg = Release|Any CPU
		{C64740B4-DB15-445F-9A54-B37F87F5238A}.Release|Any CPU.Build.0 = Release|Any CPU
	EndGlobalSection
	GlobalSection(SolutionProperties) = preSolution
		HideSolutionNode = FALSE
	EndGlobalSection
	GlobalSection(ExtensibilityGlobals) = postSolution
		SolutionGuid = {DC506F91-A603-491E-89C4-7B993E50C7BC}
	EndGlobalSection
EndGlobal
